// !$*UTF8*$!
{
	archiveVersion = 1;
	classes = {
	};
	objectVersion = 50;
	objects = {

/* Begin PBXBuildFile section */
		362D7C8F22B0F14E004E1A5D /* AppDelegate.swift in Sources */ = {isa = PBXBuildFile; fileRef = 362D7C8E22B0F14E004E1A5D /* AppDelegate.swift */; };
		362D7C9122B0F14E004E1A5D /* ViewController.swift in Sources */ = {isa = PBXBuildFile; fileRef = 362D7C9022B0F14E004E1A5D /* ViewController.swift */; };
		362D7C9422B0F14E004E1A5D /* Main.storyboard in Resources */ = {isa = PBXBuildFile; fileRef = 362D7C9222B0F14E004E1A5D /* Main.storyboard */; };
		362D7C9622B0F165004E1A5D /* Assets.xcassets in Resources */ = {isa = PBXBuildFile; fileRef = 362D7C9522B0F165004E1A5D /* Assets.xcassets */; };
		362D7C9922B0F165004E1A5D /* LaunchScreen.storyboard in Resources */ = {isa = PBXBuildFile; fileRef = 362D7C9722B0F165004E1A5D /* LaunchScreen.storyboard */; };
		362D7CA122B0F52B004E1A5D /* ViewController1.swift in Sources */ = {isa = PBXBuildFile; fileRef = 362D7CA022B0F52B004E1A5D /* ViewController1.swift */; };
		362D7CA322B0F53A004E1A5D /* ViewController2.swift in Sources */ = {isa = PBXBuildFile; fileRef = 362D7CA222B0F53A004E1A5D /* ViewController2.swift */; };
		362D7CA522B0F543004E1A5D /* ViewController3.swift in Sources */ = {isa = PBXBuildFile; fileRef = 362D7CA422B0F543004E1A5D /* ViewController3.swift */; };
		36CB2E5522B882D20058195B /* LSDInputView.swift in Sources */ = {isa = PBXBuildFile; fileRef = 36CB2E5422B882D20058195B /* LSDInputView.swift */; };
		36CB2E5722B882EF0058195B /* LSDSliderView.swift in Sources */ = {isa = PBXBuildFile; fileRef = 36CB2E5622B882EF0058195B /* LSDSliderView.swift */; };
		36CB2E5D22B8B61C0058195B /* LSDDefaultView.swift in Sources */ = {isa = PBXBuildFile; fileRef = 36CB2E5C22B8B61C0058195B /* LSDDefaultView.swift */; };
		36CB2E5F22B8B6300058195B /* LSDDefaultSlider.swift in Sources */ = {isa = PBXBuildFile; fileRef = 36CB2E5E22B8B6300058195B /* LSDDefaultSlider.swift */; };
		36FCB57722B3801F005CC8EA /* LSDPageIndicator.swift in Sources */ = {isa = PBXBuildFile; fileRef = 36FCB57622B3801F005CC8EA /* LSDPageIndicator.swift */; };
/* End PBXBuildFile section */

/* Begin PBXFileReference section */
		362D7C8B22B0F14E004E1A5D /* secondScroll.app */ = {isa = PBXFileReference; explicitFileType = wrapper.application; includeInIndex = 0; path = secondScroll.app; sourceTree = BUILT_PRODUCTS_DIR; };
		362D7C8E22B0F14E004E1A5D /* AppDelegate.swift */ = {isa = PBXFileReference; lastKnownFileType = sourcecode.swift; path = AppDelegate.swift; sourceTree = "<group>"; };
		362D7C9022B0F14E004E1A5D /* ViewController.swift */ = {isa = PBXFileReference; lastKnownFileType = sourcecode.swift; path = ViewController.swift; sourceTree = "<group>"; };
		362D7C9322B0F14E004E1A5D /* Base */ = {isa = PBXFileReference; lastKnownFileType = file.storyboard; name = Base; path = Base.lproj/Main.storyboard; sourceTree = "<group>"; };
		362D7C9522B0F165004E1A5D /* Assets.xcassets */ = {isa = PBXFileReference; lastKnownFileType = folder.assetcatalog; path = Assets.xcassets; sourceTree = "<group>"; };
		362D7C9822B0F165004E1A5D /* Base */ = {isa = PBXFileReference; lastKnownFileType = file.storyboard; name = Base; path = Base.lproj/LaunchScreen.storyboard; sourceTree = "<group>"; };
		362D7C9A22B0F165004E1A5D /* Info.plist */ = {isa = PBXFileReference; lastKnownFileType = text.plist.xml; path = Info.plist; sourceTree = "<group>"; };
		362D7CA022B0F52B004E1A5D /* ViewController1.swift */ = {isa = PBXFileReference; lastKnownFileType = sourcecode.swift; path = ViewController1.swift; sourceTree = "<group>"; };
		362D7CA222B0F53A004E1A5D /* ViewController2.swift */ = {isa = PBXFileReference; lastKnownFileType = sourcecode.swift; path = ViewController2.swift; sourceTree = "<group>"; };
		362D7CA422B0F543004E1A5D /* ViewController3.swift */ = {isa = PBXFileReference; lastKnownFileType = sourcecode.swift; path = ViewController3.swift; sourceTree = "<group>"; };
		3659457722B9D835004527DB /* README.md */ = {isa = PBXFileReference; lastKnownFileType = net.daringfireball.markdown; path = README.md; sourceTree = "<group>"; };
		36CB2E5422B882D20058195B /* LSDInputView.swift */ = {isa = PBXFileReference; lastKnownFileType = sourcecode.swift; path = LSDInputView.swift; sourceTree = "<group>"; };
		36CB2E5622B882EF0058195B /* LSDSliderView.swift */ = {isa = PBXFileReference; lastKnownFileType = sourcecode.swift; path = LSDSliderView.swift; sourceTree = "<group>"; };
		36CB2E5C22B8B61C0058195B /* LSDDefaultView.swift */ = {isa = PBXFileReference; lastKnownFileType = sourcecode.swift; path = LSDDefaultView.swift; sourceTree = "<group>"; };
		36CB2E5E22B8B6300058195B /* LSDDefaultSlider.swift */ = {isa = PBXFileReference; lastKnownFileType = sourcecode.swift; path = LSDDefaultSlider.swift; sourceTree = "<group>"; };
		36FCB57622B3801F005CC8EA /* LSDPageIndicator.swift */ = {isa = PBXFileReference; lastKnownFileType = sourcecode.swift; path = LSDPageIndicator.swift; sourceTree = "<group>"; };
/* End PBXFileReference section */

/* Begin PBXFrameworksBuildPhase section */
		362D7C8822B0F14E004E1A5D /* Frameworks */ = {
			isa = PBXFrameworksBuildPhase;
			buildActionMask = 2147483647;
			files = (
			);
			runOnlyForDeploymentPostprocessing = 0;
		};
/* End PBXFrameworksBuildPhase section */

/* Begin PBXGroup section */
		362D7C8222B0F14D004E1A5D = {
			isa = PBXGroup;
			children = (
				362D7C8D22B0F14E004E1A5D /* secondScroll */,
				362D7C8C22B0F14E004E1A5D /* Products */,
			);
			sourceTree = "<group>";
		};
		362D7C8C22B0F14E004E1A5D /* Products */ = {
			isa = PBXGroup;
			children = (
				362D7C8B22B0F14E004E1A5D /* secondScroll.app */,
			);
			name = Products;
			sourceTree = "<group>";
		};
		362D7C8D22B0F14E004E1A5D /* secondScroll */ = {
			isa = PBXGroup;
			children = (
				3659457922BA08BA004527DB /* LSDPageDemo */,
				3659457822B9D8EB004527DB /* LSDPageIndicator */,
				3659457722B9D835004527DB /* README.md */,
				362D7C9222B0F14E004E1A5D /* Main.storyboard */,
				362D7C9522B0F165004E1A5D /* Assets.xcassets */,
				362D7C9722B0F165004E1A5D /* LaunchScreen.storyboard */,
				362D7C9A22B0F165004E1A5D /* Info.plist */,
			);
			path = secondScroll;
			sourceTree = "<group>";
		};
		3659457822B9D8EB004527DB /* LSDPageIndicator */ = {
			isa = PBXGroup;
			children = (
				36FCB57622B3801F005CC8EA /* LSDPageIndicator.swift */,
				36CB2E5422B882D20058195B /* LSDInputView.swift */,
				36CB2E5622B882EF0058195B /* LSDSliderView.swift */,
				36CB2E5C22B8B61C0058195B /* LSDDefaultView.swift */,
				36CB2E5E22B8B6300058195B /* LSDDefaultSlider.swift */,
			);
			path = LSDPageIndicator;
			sourceTree = "<group>";
		};
		3659457922BA08BA004527DB /* LSDPageDemo */ = {
			isa = PBXGroup;
			children = (
				362D7C8E22B0F14E004E1A5D /* AppDelegate.swift */,
				362D7C9022B0F14E004E1A5D /* ViewController.swift */,
				362D7CA022B0F52B004E1A5D /* ViewController1.swift */,
				362D7CA222B0F53A004E1A5D /* ViewController2.swift */,
				362D7CA422B0F543004E1A5D /* ViewController3.swift */,
			);
			path = LSDPageDemo;
			sourceTree = "<group>";
		};
/* End PBXGroup section */

/* Begin PBXNativeTarget section */
		362D7C8A22B0F14E004E1A5D /* secondScroll */ = {
			isa = PBXNativeTarget;
			buildConfigurationList = 362D7C9D22B0F165004E1A5D /* Build configuration list for PBXNativeTarget "secondScroll" */;
			buildPhases = (
				362D7C8722B0F14E004E1A5D /* Sources */,
				362D7C8822B0F14E004E1A5D /* Frameworks */,
				362D7C8922B0F14E004E1A5D /* Resources */,
			);
			buildRules = (
			);
			dependencies = (
			);
			name = secondScroll;
			productName = secondScroll;
			productReference = 362D7C8B22B0F14E004E1A5D /* secondScroll.app */;
			productType = "com.apple.product-type.application";
		};
/* End PBXNativeTarget section */

/* Begin PBXProject section */
		362D7C8322B0F14D004E1A5D /* Project object */ = {
			isa = PBXProject;
			attributes = {
				LastSwiftUpdateCheck = 0940;
				LastUpgradeCheck = 0940;
				ORGANIZATIONNAME = "北京鱼爪网络科技有限公司";
				TargetAttributes = {
					362D7C8A22B0F14E004E1A5D = {
						CreatedOnToolsVersion = 9.4.1;
						LastSwiftMigration = 0940;
					};
				};
			};
			buildConfigurationList = 362D7C8622B0F14D004E1A5D /* Build configuration list for PBXProject "secondScroll" */;
			compatibilityVersion = "Xcode 9.3";
			developmentRegion = en;
			hasScannedForEncodings = 0;
			knownRegions = (
				en,
				Base,
			);
			mainGroup = 362D7C8222B0F14D004E1A5D;
			productRefGroup = 362D7C8C22B0F14E004E1A5D /* Products */;
			projectDirPath = "";
			projectRoot = "";
			targets = (
				362D7C8A22B0F14E004E1A5D /* secondScroll */,
			);
		};
/* End PBXProject section */

/* Begin PBXResourcesBuildPhase section */
		362D7C8922B0F14E004E1A5D /* Resources */ = {
			isa = PBXResourcesBuildPhase;
			buildActionMask = 2147483647;
			files = (
				362D7C9922B0F165004E1A5D /* LaunchScreen.storyboard in Resources */,
				362D7C9622B0F165004E1A5D /* Assets.xcassets in Resources */,
				362D7C9422B0F14E004E1A5D /* Main.storyboard in Resources */,
			);
			runOnlyForDeploymentPostprocessing = 0;
		};
/* End PBXResourcesBuildPhase section */

/* Begin PBXSourcesBuildPhase section */
		362D7C8722B0F14E004E1A5D /* Sources */ = {
			isa = PBXSourcesBuildPhase;
			buildActionMask = 2147483647;
			files = (
				36CB2E5522B882D20058195B /* LSDInputView.swift in Sources */,
				36CB2E5D22B8B61C0058195B /* LSDDefaultView.swift in Sources */,
				362D7CA522B0F543004E1A5D /* ViewController3.swift in Sources */,
				362D7CA122B0F52B004E1A5D /* ViewController1.swift in Sources */,
				362D7CA322B0F53A004E1A5D /* ViewController2.swift in Sources */,
				362D7C9122B0F14E004E1A5D /* ViewController.swift in Sources */,
				36FCB57722B3801F005CC8EA /* LSDPageIndicator.swift in Sources */,
				362D7C8F22B0F14E004E1A5D /* AppDelegate.swift in Sources */,
				36CB2E5F22B8B6300058195B /* LSDDefaultSlider.swift in Sources */,
				36CB2E5722B882EF0058195B /* LSDSliderView.swift in Sources */,
			);
			runOnlyForDeploymentPostprocessing = 0;
		};
/* End PBXSourcesBuildPhase section */

/* Begin PBXVariantGroup section */
		362D7C9222B0F14E004E1A5D /* Main.storyboard */ = {
			isa = PBXVariantGroup;
			children = (
				362D7C9322B0F14E004E1A5D /* Base */,
			);
			name = Main.storyboard;
			sourceTree = "<group>";
		};
		362D7C9722B0F165004E1A5D /* LaunchScreen.storyboard */ = {
			isa = PBXVariantGroup;
			children = (
				362D7C9822B0F165004E1A5D /* Base */,
			);
			name = LaunchScreen.storyboard;
			sourceTree = "<group>";
		};
/* End PBXVariantGroup section */

/* Begin XCBuildConfiguration section */
		362D7C9B22B0F165004E1A5D /* Debug */ = {
			isa = XCBuildConfiguration;
			buildSettings = {
				ALWAYS_SEARCH_USER_PATHS = NO;
				CLANG_ANALYZER_NONNULL = YES;
				CLANG_ANALYZER_NUMBER_OBJECT_CONVERSION = YES_AGGRESSIVE;
				CLANG_CXX_LANGUAGE_STANDARD = "gnu++14";
				CLANG_CXX_LIBRARY = "libc++";
				CLANG_ENABLE_MODULES = YES;
				CLANG_ENABLE_OBJC_ARC = YES;
				CLANG_ENABLE_OBJC_WEAK = YES;
				CLANG_WARN_BLOCK_CAPTURE_AUTORELEASING = YES;
				CLANG_WARN_BOOL_CONVERSION = YES;
				CLANG_WARN_COMMA = YES;
				CLANG_WARN_CONSTANT_CONVERSION = YES;
				CLANG_WARN_DEPRECATED_OBJC_IMPLEMENTATIONS = YES;
				CLANG_WARN_DIRECT_OBJC_ISA_USAGE = YES_ERROR;
				CLANG_WARN_DOCUMENTATION_COMMENTS = YES;
				CLANG_WARN_EMPTY_BODY = YES;
				CLANG_WARN_ENUM_CONVERSION = YES;
				CLANG_WARN_INFINITE_RECURSION = YES;
				CLANG_WARN_INT_CONVERSION = YES;
				CLANG_WARN_NON_LITERAL_NULL_CONVERSION = YES;
				CLANG_WARN_OBJC_IMPLICIT_RETAIN_SELF = YES;
				CLANG_WARN_OBJC_LITERAL_CONVERSION = YES;
				CLANG_WARN_OBJC_ROOT_CLASS = YES_ERROR;
				CLANG_WARN_RANGE_LOOP_ANALYSIS = YES;
				CLANG_WARN_STRICT_PROTOTYPES = YES;
				CLANG_WARN_SUSPICIOUS_MOVE = YES;
				CLANG_WARN_UNGUARDED_AVAILABILITY = YES_AGGRESSIVE;
				CLANG_WARN_UNREACHABLE_CODE = YES;
				CLANG_WARN__DUPLICATE_METHOD_MATCH = YES;
				CODE_SIGN_IDENTITY = "iPhone Developer";
				COPY_PHASE_STRIP = NO;
				DEBUG_INFORMATION_FORMAT = dwarf;
				ENABLE_STRICT_OBJC_MSGSEND = YES;
				ENABLE_TESTABILITY = YES;
				GCC_C_LANGUAGE_STANDARD = gnu11;
				GCC_DYNAMIC_NO_PIC = NO;
				GCC_NO_COMMON_BLOCKS = YES;
				GCC_OPTIMIZATION_LEVEL = 0;
				GCC_PREPROCESSOR_DEFINITIONS = (
					"DEBUG=1",
					"$(inherited)",
				);
				GCC_WARN_64_TO_32_BIT_CONVERSION = YES;
				GCC_WARN_ABOUT_RETURN_TYPE = YES_ERROR;
				GCC_WARN_UNDECLARED_SELECTOR = YES;
				GCC_WARN_UNINITIALIZED_AUTOS = YES_AGGRESSIVE;
				GCC_WARN_UNUSED_FUNCTION = YES;
				GCC_WARN_UNUSED_VARIABLE = YES;
				IPHONEOS_DEPLOYMENT_TARGET = 11.4;
				MTL_ENABLE_DEBUG_INFO = YES;
				ONLY_ACTIVE_ARCH = YES;
				SDKROOT = iphoneos;
				SWIFT_ACTIVE_COMPILATION_CONDITIONS = DEBUG;
				SWIFT_OPTIMIZATION_LEVEL = "-Onone";
			};
			name = Debug;
		};
		362D7C9C22B0F165004E1A5D /* Release */ = {
			isa = XCBuildConfiguration;
			buildSettings = {
				ALWAYS_SEARCH_USER_PATHS = NO;
				CLANG_ANALYZER_NONNULL = YES;
				CLANG_ANALYZER_NUMBER_OBJECT_CONVERSION = YES_AGGRESSIVE;
				CLANG_CXX_LANGUAGE_STANDARD = "gnu++14";
				CLANG_CXX_LIBRARY = "libc++";
				CLANG_ENABLE_MODULES = YES;
				CLANG_ENABLE_OBJC_ARC = YES;
				CLANG_ENABLE_OBJC_WEAK = YES;
				CLANG_WARN_BLOCK_CAPTURE_AUTORELEASING = YES;
				CLANG_WARN_BOOL_CONVERSION = YES;
				CLANG_WARN_COMMA = YES;
				CLANG_WARN_CONSTANT_CONVERSION = YES;
				CLANG_WARN_DEPRECATED_OBJC_IMPLEMENTATIONS = YES;
				CLANG_WARN_DIRECT_OBJC_ISA_USAGE = YES_ERROR;
				CLANG_WARN_DOCUMENTATION_COMMENTS = YES;
				CLANG_WARN_EMPTY_BODY = YES;
				CLANG_WARN_ENUM_CONVERSION = YES;
				CLANG_WARN_INFINITE_RECURSION = YES;
				CLANG_WARN_INT_CONVERSION = YES;
				CLANG_WARN_NON_LITERAL_NULL_CONVERSION = YES;
				CLANG_WARN_OBJC_IMPLICIT_RETAIN_SELF = YES;
				CLANG_WARN_OBJC_LITERAL_CONVERSION = YES;
				CLANG_WARN_OBJC_ROOT_CLASS = YES_ERROR;
				CLANG_WARN_RANGE_LOOP_ANALYSIS = YES;
				CLANG_WARN_STRICT_PROTOTYPES = YES;
				CLANG_WARN_SUSPICIOUS_MOVE = YES;
				CLANG_WARN_UNGUARDED_AVAILABILITY = YES_AGGRESSIVE;
				CLANG_WARN_UNREACHABLE_CODE = YES;
				CLANG_WARN__DUPLICATE_METHOD_MATCH = YES;
				CODE_SIGN_IDENTITY = "iPhone Developer";
				COPY_PHASE_STRIP = NO;
				DEBUG_INFORMATION_FORMAT = "dwarf-with-dsym";
				ENABLE_NS_ASSERTIONS = NO;
				ENABLE_STRICT_OBJC_MSGSEND = YES;
				GCC_C_LANGUAGE_STANDARD = gnu11;
				GCC_NO_COMMON_BLOCKS = YES;
				GCC_WARN_64_TO_32_BIT_CONVERSION = YES;
				GCC_WARN_ABOUT_RETURN_TYPE = YES_ERROR;
				GCC_WARN_UNDECLARED_SELECTOR = YES;
				GCC_WARN_UNINITIALIZED_AUTOS = YES_AGGRESSIVE;
				GCC_WARN_UNUSED_FUNCTION = YES;
				GCC_WARN_UNUSED_VARIABLE = YES;
				IPHONEOS_DEPLOYMENT_TARGET = 11.4;
				MTL_ENABLE_DEBUG_INFO = NO;
				SDKROOT = iphoneos;
				SWIFT_COMPILATION_MODE = wholemodule;
				SWIFT_OPTIMIZATION_LEVEL = "-O";
				VALIDATE_PRODUCT = YES;
			};
			name = Release;
		};
		362D7C9E22B0F165004E1A5D /* Debug */ = {
			isa = XCBuildConfiguration;
			buildSettings = {
				ASSETCATALOG_COMPILER_APPICON_NAME = AppIcon;
				CLANG_ENABLE_MODULES = YES;
				CODE_SIGN_STYLE = Automatic;
				DEVELOPMENT_TEAM = 6S8UVQMUX4;
				INFOPLIST_FILE = secondScroll/Info.plist;
				IPHONEOS_DEPLOYMENT_TARGET = 9.0;
				LD_RUNPATH_SEARCH_PATHS = (
					"$(inherited)",
					"@executable_path/Frameworks",
				);
				PRODUCT_BUNDLE_IDENTIFIER = yz.yuzhua.secondScroll;
				PRODUCT_NAME = "$(TARGET_NAME)";
				SWIFT_OBJC_BRIDGING_HEADER = "";
				SWIFT_OPTIMIZATION_LEVEL = "-Onone";
				SWIFT_VERSION = 4.0;
				TARGETED_DEVICE_FAMILY = "1,2";
			};
			name = Debug;
		};
		362D7C9F22B0F165004E1A5D /* Release */ = {
			isa = XCBuildConfiguration;
			buildSettings = {
				ASSETCATALOG_COMPILER_APPICON_NAME = AppIcon;
				CLANG_ENABLE_MODULES = YES;
				CODE_SIGN_STYLE = Automatic;
				DEVELOPMENT_TEAM = 6S8UVQMUX4;
				INFOPLIST_FILE = secondScroll/Info.plist;
				IPHONEOS_DEPLOYMENT_TARGET = 9.0;
				LD_RUNPATH_SEARCH_PATHS = (
					"$(inherited)",
					"@executable_path/Frameworks",
				);
				PRODUCT_BUNDLE_IDENTIFIER = yz.yuzhua.secondScroll;
				PRODUCT_NAME = "$(TARGET_NAME)";
				SWIFT_OBJC_BRIDGING_HEADER = "";
				SWIFT_VERSION = 4.0;
				TARGETED_DEVICE_FAMILY = "1,2";
			};
			name = Release;
		};
/* End XCBuildConfiguration section */

/* Begin XCConfigurationList section */
		362D7C8622B0F14D004E1A5D /* Build configuration list for PBXProject "secondScroll" */ = {
			isa = XCConfigurationList;
			buildConfigurations = (
				362D7C9B22B0F165004E1A5D /* Debug */,
				362D7C9C22B0F165004E1A5D /* Release */,
			);
			defaultConfigurationIsVisible = 0;
			defaultConfigurationName = Release;
		};
		362D7C9D22B0F165004E1A5D /* Build configuration list for PBXNativeTarget "secondScroll" */ = {
			isa = XCConfigurationList;
			buildConfigurations = (
				362D7C9E22B0F165004E1A5D /* Debug */,
				362D7C9F22B0F165004E1A5D /* Release */,
			);
			defaultConfigurationIsVisible = 0;
			defaultConfigurationName = Release;
		};
/* End XCConfigurationList section */
	};
	rootObject = 362D7C8322B0F14D004E1A5D /* Project object */;
}
